
Microsoft Visual Studio Solution File, Format Version 12.00
# Visual Studio Version 16
VisualStudioVersion = 16.0.30011.22
MinimumVisualStudioVersion = 10.0.40219.1
Project("{FAE04EC0-301F-11D3-BF4B-00C04F79EFBC}") = "DataAdapterProgram", "DataAdapterProgram.csproj", "{A3D10C07-44EC-4CAC-A3A7-7979949321F7}"
EndProject
Global
	GlobalSection(SolutionConfigurationPlatforms) = preSolution
		Debug|Any CPU = Debug|Any CPU
		Release|Any CPU = Release|Any CPU
	EndGlobalSection
	GlobalSection(ProjectConfigurationPlatforms) = postSolution
		{A3D10C07-44EC-4CAC-A3A7-7979949321F7}.Debug|Any CPU.ActiveCfg = Debug|Any CPU
		{A3D10C07-44EC-4CAC-A3A7-7979949321F7}.Debug|Any CPU.Build.0 = Debug|Any CPU
		{A3D10C07-44EC-4CAC-A3A7-7979949321F7}.Release|Any CPU.ActiveCfg = Release|Any CPU
		{A3D10C07-44EC-4CAC-A3A7-7979949321F7}.Release|Any CPU.Build.0 = Release|Any CPU
	EndGlobalSection
	GlobalSection(SolutionProperties) = preSolution
		HideSolutionNode = FALSE
	EndGlobalSection
	GlobalSection(ExtensibilityGlobals) = postSolution
		SolutionGuid = {0A2665A0-E013-46AC-9728-AA13DF1E849D}
	EndGlobalSection
EndGlobal
