
Microsoft Visual Studio Solution File, Format Version 12.00
# Visual Studio Version 16
VisualStudioVersion = 16.0.30011.22
MinimumVisualStudioVersion = 10.0.40219.1
Project("{FAE04EC0-301F-11D3-BF4B-00C04F79EFBC}") = "DataSourcesWizard", "DataSourcesWizard.csproj", "{5FAE2DC7-E7B8-422B-AC1B-F88D623B2364}"
EndProject
Project("{FAE04EC0-301F-11D3-BF4B-00C04F79EFBC}") = "DataBindingSimple", "..\DataBindingSimple\DataBindingSimple.csproj", "{0C5C22E5-2431-4842-BA66-F8C149C0495C}"
EndProject
Global
	GlobalSection(SolutionConfigurationPlatforms) = preSolution
		Debug|Any CPU = Debug|Any CPU
		Release|Any CPU = Release|Any CPU
	EndGlobalSection
	GlobalSection(ProjectConfigurationPlatforms) = postSolution
		{5FAE2DC7-E7B8-422B-AC1B-F88D623B2364}.Debug|Any CPU.ActiveCfg = Debug|Any CPU
		{5FAE2DC7-E7B8-422B-AC1B-F88D623B2364}.Debug|Any CPU.Build.0 = Debug|Any CPU
		{5FAE2DC7-E7B8-422B-AC1B-F88D623B2364}.Release|Any CPU.ActiveCfg = Release|Any CPU
		{5FAE2DC7-E7B8-422B-AC1B-F88D623B2364}.Release|Any CPU.Build.0 = Release|Any CPU
		{0C5C22E5-2431-4842-BA66-F8C149C0495C}.Debug|Any CPU.ActiveCfg = Debug|Any CPU
		{0C5C22E5-2431-4842-BA66-F8C149C0495C}.Debug|Any CPU.Build.0 = Debug|Any CPU
		{0C5C22E5-2431-4842-BA66-F8C149C0495C}.Release|Any CPU.ActiveCfg = Release|Any CPU
		{0C5C22E5-2431-4842-BA66-F8C149C0495C}.Release|Any CPU.Build.0 = Release|Any CPU
	EndGlobalSection
	GlobalSection(SolutionProperties) = preSolution
		HideSolutionNode = FALSE
	EndGlobalSection
	GlobalSection(ExtensibilityGlobals) = postSolution
		SolutionGuid = {98C2D6FA-642F-48C9-8AC5-7C202EB597E4}
	EndGlobalSection
EndGlobal
